
Microsoft Visual Studio Solution File, Format Version 12.00
# Visual Studio 15
VisualStudioVersion = 15.0.26730.16
MinimumVisualStudioVersion = 10.0.40219.1
Project("{FAE04EC0-301F-11D3-BF4B-00C04F79EFBC}") = "ConsoleApp2", "ConsoleApp2\ConsoleApp2.csproj", "{2E01219E-30F2-4113-8682-0167650549F7}"
EndProject
Project("{FAE04EC0-301F-11D3-BF4B-00C04F79EFBC}") = "ConsoleApp1", "ConsoleApp1\ConsoleApp1.csproj", "{C9321861-CEFC-4F9D-A8FB-5D4364632332}"
EndProject
Global
	GlobalSection(SolutionConfigurationPlatforms) = preSolution
		Debug|Any CPU = Debug|Any CPU
		Release|Any CPU = Release|Any CPU
	EndGlobalSection
	GlobalSection(ProjectConfigurationPlatforms) = postSolution
		{2E01219E-30F2-4113-8682-0167650549F7}.Debug|Any CPU.ActiveCfg = Debug|Any CPU
		{2E01219E-30F2-4113-8682-0167650549F7}.Debug|Any CPU.Build.0 = Debug|Any CPU
		{2E01219E-30F2-4113-8682-0167650549F7}.Release|Any CPU.ActiveCfg = Release|Any CPU
		{2E01219E-30F2-4113-8682-0167650549F7}.Release|Any CPU.Build.0 = Release|Any CPU
		{C9321861-CEFC-4F9D-A8FB-5D4364632332}.Debug|Any CPU.ActiveCfg = Debug|Any CPU
		{C9321861-CEFC-4F9D-A8FB-5D4364632332}.Debug|Any CPU.Build.0 = Debug|Any CPU
		{C9321861-CEFC-4F9D-A8FB-5D4364632332}.Release|Any CPU.ActiveCfg = Release|Any CPU
		{C9321861-CEFC-4F9D-A8FB-5D4364632332}.Release|Any CPU.Build.0 = Release|Any CPU
	EndGlobalSection
	GlobalSection(SolutionProperties) = preSolution
		HideSolutionNode = FALSE
	EndGlobalSection
	GlobalSection(ExtensibilityGlobals) = postSolution
		SolutionGuid = {6D01387F-B321-4595-9F66-3195C6AB83C8}
	EndGlobalSection
EndGlobal
