
Microsoft Visual Studio Solution File, Format Version 12.00
# Visual Studio 15
VisualStudioVersion = 15.0.26730.16
MinimumVisualStudioVersion = 10.0.40219.1
Project("{FAE04EC0-301F-11D3-BF4B-00C04F79EFBC}") = "Lab7_Bai3", "Lab7_Bai3\Lab7_Bai3.csproj", "{271F80ED-EDA5-4B9A-8D24-FD31016EA598}"
EndProject
Global
	GlobalSection(SolutionConfigurationPlatforms) = preSolution
		Debug|Any CPU = Debug|Any CPU
		Release|Any CPU = Release|Any CPU
	EndGlobalSection
	GlobalSection(ProjectConfigurationPlatforms) = postSolution
		{271F80ED-EDA5-4B9A-8D24-FD31016EA598}.Debug|Any CPU.ActiveCfg = Debug|Any CPU
		{271F80ED-EDA5-4B9A-8D24-FD31016EA598}.Debug|Any CPU.Build.0 = Debug|Any CPU
		{271F80ED-EDA5-4B9A-8D24-FD31016EA598}.Release|Any CPU.ActiveCfg = Release|Any CPU
		{271F80ED-EDA5-4B9A-8D24-FD31016EA598}.Release|Any CPU.Build.0 = Release|Any CPU
	EndGlobalSection
	GlobalSection(SolutionProperties) = preSolution
		HideSolutionNode = FALSE
	EndGlobalSection
	GlobalSection(ExtensibilityGlobals) = postSolution
		SolutionGuid = {ADF68467-6660-4C8D-8878-4DD159AE05C1}
	EndGlobalSection
EndGlobal
